
Microsoft Visual Studio Solution File, Format Version 12.00
# Visual Studio 2013
VisualStudioVersion = 12.0.21005.1
MinimumVisualStudioVersion = 10.0.40219.1
Project("{FAE04EC0-301F-11D3-BF4B-00C04F79EFBC}") = "VMMonitoringWebApplication", "VMMonitoringWebApplication\VMMonitoringWebApplication.csproj", "{C9EEDEDD-5EC4-43EF-9259-191AF1EEA02A}"
EndProject
Project("{2150E333-8FDC-42A3-9474-1A3956D46DE8}") = ".nuget", ".nuget", "{9EE016B6-CB94-489E-A5C0-4856C535AE5A}"
	ProjectSection(SolutionItems) = preProject
		.nuget\NuGet.Config = .nuget\NuGet.Config
		.nuget\NuGet.exe = .nuget\NuGet.exe
		.nuget\NuGet.targets = .nuget\NuGet.targets
	EndProjectSection
EndProject
Project("{FAE04EC0-301F-11D3-BF4B-00C04F79EFBC}") = "DataAccessLayer", "DataAccessLayer\DataAccessLayer.csproj", "{9D5C6EA2-7C39-4B8A-8424-502EDF7B572B}"
EndProject
Project("{FAE04EC0-301F-11D3-BF4B-00C04F79EFBC}") = "UnitTestProject", "UnitTestProject\UnitTestProject.csproj", "{401AE4B9-3FAC-4A71-A928-5CA2019D1AB2}"
EndProject
Global
	GlobalSection(TeamFoundationVersionControl) = preSolution
		SccNumberOfProjects = 4
		SccEnterpriseProvider = {4CA58AB2-18FA-4F8D-95D4-32DDF27D184C}
		SccTeamFoundationServer = https://svobodar.visualstudio.com/defaultcollection
		SccLocalPath0 = .
		SccProjectUniqueName1 = VMMonitoringWebApplication\\VMMonitoringWebApplication.csproj
		SccProjectName1 = VMMonitoringWebApplication
		SccLocalPath1 = VMMonitoringWebApplication
		SccProjectUniqueName2 = DataAccessLayer\\DataAccessLayer.csproj
		SccProjectName2 = DataAccessLayer
		SccLocalPath2 = DataAccessLayer
		SccProjectUniqueName3 = UnitTestProject\\UnitTestProject.csproj
		SccProjectName3 = UnitTestProject
		SccLocalPath3 = UnitTestProject
	EndGlobalSection
	GlobalSection(SolutionConfigurationPlatforms) = preSolution
		Debug|Any CPU = Debug|Any CPU
		Release|Any CPU = Release|Any CPU
	EndGlobalSection
	GlobalSection(ProjectConfigurationPlatforms) = postSolution
		{C9EEDEDD-5EC4-43EF-9259-191AF1EEA02A}.Debug|Any CPU.ActiveCfg = Debug|Any CPU
		{C9EEDEDD-5EC4-43EF-9259-191AF1EEA02A}.Debug|Any CPU.Build.0 = Debug|Any CPU
		{C9EEDEDD-5EC4-43EF-9259-191AF1EEA02A}.Release|Any CPU.ActiveCfg = Release|Any CPU
		{C9EEDEDD-5EC4-43EF-9259-191AF1EEA02A}.Release|Any CPU.Build.0 = Release|Any CPU
		{9D5C6EA2-7C39-4B8A-8424-502EDF7B572B}.Debug|Any CPU.ActiveCfg = Debug|Any CPU
		{9D5C6EA2-7C39-4B8A-8424-502EDF7B572B}.Debug|Any CPU.Build.0 = Debug|Any CPU
		{9D5C6EA2-7C39-4B8A-8424-502EDF7B572B}.Release|Any CPU.ActiveCfg = Release|Any CPU
		{9D5C6EA2-7C39-4B8A-8424-502EDF7B572B}.Release|Any CPU.Build.0 = Release|Any CPU
		{401AE4B9-3FAC-4A71-A928-5CA2019D1AB2}.Debug|Any CPU.ActiveCfg = Debug|Any CPU
		{401AE4B9-3FAC-4A71-A928-5CA2019D1AB2}.Debug|Any CPU.Build.0 = Debug|Any CPU
		{401AE4B9-3FAC-4A71-A928-5CA2019D1AB2}.Release|Any CPU.ActiveCfg = Release|Any CPU
		{401AE4B9-3FAC-4A71-A928-5CA2019D1AB2}.Release|Any CPU.Build.0 = Release|Any CPU
	EndGlobalSection
	GlobalSection(SolutionProperties) = preSolution
		HideSolutionNode = FALSE
	EndGlobalSection
EndGlobal
